
Microsoft Visual Studio Solution File, Format Version 12.00
# Visual Studio Version 17
VisualStudioVersion = 17.1.32414.318
MinimumVisualStudioVersion = 10.0.40219.1
Project("{9A19103F-16F7-4668-BE54-9A1E7A4F7556}") = "proiectDAW", "proiectDAW\proiectDAW.csproj", "{60E46BAF-D9BC-41BE-A2C7-B039C8086674}"
EndProject
Global
	GlobalSection(SolutionConfigurationPlatforms) = preSolution
		Debug|Any CPU = Debug|Any CPU
		Release|Any CPU = Release|Any CPU
	EndGlobalSection
	GlobalSection(ProjectConfigurationPlatforms) = postSolution
		{60E46BAF-D9BC-41BE-A2C7-B039C8086674}.Debug|Any CPU.ActiveCfg = Debug|Any CPU
		{60E46BAF-D9BC-41BE-A2C7-B039C8086674}.Debug|Any CPU.Build.0 = Debug|Any CPU
		{60E46BAF-D9BC-41BE-A2C7-B039C8086674}.Release|Any CPU.ActiveCfg = Release|Any CPU
		{60E46BAF-D9BC-41BE-A2C7-B039C8086674}.Release|Any CPU.Build.0 = Release|Any CPU
	EndGlobalSection
	GlobalSection(SolutionProperties) = preSolution
		HideSolutionNode = FALSE
	EndGlobalSection
	GlobalSection(ExtensibilityGlobals) = postSolution
		SolutionGuid = {86A289BC-CCEF-4328-8EFB-5FB9B226E584}
	EndGlobalSection
EndGlobal
